
Microsoft Visual Studio Solution File, Format Version 12.00
# Visual Studio Version 17
VisualStudioVersion = 17.7.34202.233
MinimumVisualStudioVersion = 10.0.40219.1
Project("{9A19103F-16F7-4668-BE54-9A1E7A4F7556}") = "01- Momento", "Momento\01- Momento.csproj", "{9281381F-96DE-4BA6-A224-E3CEE8E76443}"
EndProject
Project("{9A19103F-16F7-4668-BE54-9A1E7A4F7556}") = "HandOnTemp", "HandOnTemp\HandOnTemp\HandOnTemp.csproj", "{9E44C05E-4796-417D-A2A3-6B936D000D47}"
EndProject
Project("{9A19103F-16F7-4668-BE54-9A1E7A4F7556}") = "02-StatePattern", "StatePattern\02-StatePattern.csproj", "{8C9A2BC7-8298-44C4-9552-8DBE56F5DE65}"
EndProject
Project("{9A19103F-16F7-4668-BE54-9A1E7A4F7556}") = "03-IteratorPattern", "IteratorPattern\03-IteratorPattern.csproj", "{7ACFE678-6F35-4FA1-9A67-7D7C87DDEA27}"
EndProject
Project("{9A19103F-16F7-4668-BE54-9A1E7A4F7556}") = "04-Strategy", "Strategy\04-Strategy.csproj", "{5F508018-AE83-4A67-BEFD-611ACFFAAFEA}"
EndProject
Project("{9A19103F-16F7-4668-BE54-9A1E7A4F7556}") = "05-TemplateMethod", "TemplateMethod\05-TemplateMethod.csproj", "{8EB26E01-B45C-41B7-8192-2AED77F73CF8}"
EndProject
Project("{9A19103F-16F7-4668-BE54-9A1E7A4F7556}") = "06-Command", "Command\06-Command.csproj", "{8FA89A7F-E750-4AB5-B3C3-F29211CF3EFD}"
EndProject
Project("{9A19103F-16F7-4668-BE54-9A1E7A4F7556}") = "07-Observer", "Observer\07-Observer.csproj", "{450781E3-8C4C-49D8-A756-105ED7082837}"
EndProject
Project("{9A19103F-16F7-4668-BE54-9A1E7A4F7556}") = "08-Mediator", "Mediator\08-Mediator.csproj", "{4115FC16-ECD3-4C51-B0D1-FB361A4E19AB}"
EndProject
Project("{9A19103F-16F7-4668-BE54-9A1E7A4F7556}") = "09-ChainOfResposibility", "ChainOfResposibility\09-ChainOfResposibility.csproj", "{B818B874-7066-47E0-AC7F-7F392DE8F2EC}"
EndProject
Project("{9A19103F-16F7-4668-BE54-9A1E7A4F7556}") = "10-Visitor", "Visitor\10-Visitor.csproj", "{65225502-C4DF-4E2D-8F8A-8E370D868CDD}"
EndProject
Project("{9A19103F-16F7-4668-BE54-9A1E7A4F7556}") = "01-Composite", "Comosite\01-Composite.csproj", "{A55686B5-D6B9-4EB3-964C-FD28DD9DBB16}"
EndProject
Project("{9A19103F-16F7-4668-BE54-9A1E7A4F7556}") = "02-Adapter", "Adapter\02-Adapter.csproj", "{A6922F77-6732-4893-A989-D9821E652799}"
EndProject
Project("{9A19103F-16F7-4668-BE54-9A1E7A4F7556}") = "03-Decorator", "Decorator\03-Decorator.csproj", "{64CBA8F2-0AF0-4574-92D4-114FCF100E07}"
EndProject
Project("{9A19103F-16F7-4668-BE54-9A1E7A4F7556}") = "05-Builder", "Builder\05-Builder.csproj", "{09D17344-9864-4007-A7E1-E3286B1B3BF9}"
EndProject
Project("{9A19103F-16F7-4668-BE54-9A1E7A4F7556}") = "04-Facade", "Facade\04-Facade.csproj", "{2DF59EA1-1FD6-4AB9-A8BB-A2C9284407DE}"
EndProject
Project("{9A19103F-16F7-4668-BE54-9A1E7A4F7556}") = "05-Flyweight", "Flyweight\05-Flyweight.csproj", "{4E86B9E8-7109-4F9A-B536-DDF559C8DCF1}"
EndProject
Project("{9A19103F-16F7-4668-BE54-9A1E7A4F7556}") = "06-Bridge", "Bridge\06-Bridge.csproj", "{9BD14802-B18C-48A3-898E-194CF9AA2A94}"
EndProject
Project("{9A19103F-16F7-4668-BE54-9A1E7A4F7556}") = "07-Proxy", "Proxy\07-Proxy.csproj", "{A032DC16-0086-4D88-8A72-268C6F5841FA}"
EndProject
Project("{9A19103F-16F7-4668-BE54-9A1E7A4F7556}") = "01-Prototype", "Prototype\01-Prototype.csproj", "{FE15EBD9-1263-45CB-B973-726D8B6B4234}"
EndProject
Project("{9A19103F-16F7-4668-BE54-9A1E7A4F7556}") = "02-Singletone", "Singletone\02-Singletone.csproj", "{4C16462E-EA9E-4440-8650-92DA2533771C}"
EndProject
Project("{9A19103F-16F7-4668-BE54-9A1E7A4F7556}") = "03-FactoryMethod", "FactoryMethod\03-FactoryMethod.csproj", "{09BA13B9-7CC4-4A70-901C-F3759DC50C7A}"
EndProject
Project("{9A19103F-16F7-4668-BE54-9A1E7A4F7556}") = "04-FacroryAbstract", "FacroryAbstract\04-FacroryAbstract.csproj", "{0E0B92FE-A74A-45B6-A9BB-26A5A744704E}"
EndProject
Project("{2150E333-8FDC-42A3-9474-1A3956D46DE8}") = "Behavioral", "Behavioral", "{2E1721C1-8831-4C4C-81E7-14681FD57986}"
EndProject
Project("{2150E333-8FDC-42A3-9474-1A3956D46DE8}") = "Structural", "Structural", "{D5E6D463-B3E4-4546-AC1D-1BDBF00BC478}"
EndProject
Project("{2150E333-8FDC-42A3-9474-1A3956D46DE8}") = "Creational", "Creational", "{D9346D2B-A3FE-47A4-9991-0BE63CC4823C}"
EndProject
Project("{2150E333-8FDC-42A3-9474-1A3956D46DE8}") = "Solution Items", "Solution Items", "{EA4BA253-7517-4F06-9D6A-BC73CCB89A6E}"
	ProjectSection(SolutionItems) = preProject
		ReadMe.txt = ReadMe.txt
	EndProjectSection
EndProject
Global
	GlobalSection(SolutionConfigurationPlatforms) = preSolution
		Debug|Any CPU = Debug|Any CPU
		Release|Any CPU = Release|Any CPU
	EndGlobalSection
	GlobalSection(ProjectConfigurationPlatforms) = postSolution
		{9281381F-96DE-4BA6-A224-E3CEE8E76443}.Debug|Any CPU.ActiveCfg = Debug|Any CPU
		{9281381F-96DE-4BA6-A224-E3CEE8E76443}.Debug|Any CPU.Build.0 = Debug|Any CPU
		{9281381F-96DE-4BA6-A224-E3CEE8E76443}.Release|Any CPU.ActiveCfg = Release|Any CPU
		{9281381F-96DE-4BA6-A224-E3CEE8E76443}.Release|Any CPU.Build.0 = Release|Any CPU
		{9E44C05E-4796-417D-A2A3-6B936D000D47}.Debug|Any CPU.ActiveCfg = Debug|Any CPU
		{9E44C05E-4796-417D-A2A3-6B936D000D47}.Debug|Any CPU.Build.0 = Debug|Any CPU
		{9E44C05E-4796-417D-A2A3-6B936D000D47}.Release|Any CPU.ActiveCfg = Release|Any CPU
		{9E44C05E-4796-417D-A2A3-6B936D000D47}.Release|Any CPU.Build.0 = Release|Any CPU
		{8C9A2BC7-8298-44C4-9552-8DBE56F5DE65}.Debug|Any CPU.ActiveCfg = Debug|Any CPU
		{8C9A2BC7-8298-44C4-9552-8DBE56F5DE65}.Debug|Any CPU.Build.0 = Debug|Any CPU
		{8C9A2BC7-8298-44C4-9552-8DBE56F5DE65}.Release|Any CPU.ActiveCfg = Release|Any CPU
		{8C9A2BC7-8298-44C4-9552-8DBE56F5DE65}.Release|Any CPU.Build.0 = Release|Any CPU
		{7ACFE678-6F35-4FA1-9A67-7D7C87DDEA27}.Debug|Any CPU.ActiveCfg = Debug|Any CPU
		{7ACFE678-6F35-4FA1-9A67-7D7C87DDEA27}.Debug|Any CPU.Build.0 = Debug|Any CPU
		{7ACFE678-6F35-4FA1-9A67-7D7C87DDEA27}.Release|Any CPU.ActiveCfg = Release|Any CPU
		{7ACFE678-6F35-4FA1-9A67-7D7C87DDEA27}.Release|Any CPU.Build.0 = Release|Any CPU
		{5F508018-AE83-4A67-BEFD-611ACFFAAFEA}.Debug|Any CPU.ActiveCfg = Debug|Any CPU
		{5F508018-AE83-4A67-BEFD-611ACFFAAFEA}.Debug|Any CPU.Build.0 = Debug|Any CPU
		{5F508018-AE83-4A67-BEFD-611ACFFAAFEA}.Release|Any CPU.ActiveCfg = Release|Any CPU
		{5F508018-AE83-4A67-BEFD-611ACFFAAFEA}.Release|Any CPU.Build.0 = Release|Any CPU
		{8EB26E01-B45C-41B7-8192-2AED77F73CF8}.Debug|Any CPU.ActiveCfg = Debug|Any CPU
		{8EB26E01-B45C-41B7-8192-2AED77F73CF8}.Debug|Any CPU.Build.0 = Debug|Any CPU
		{8EB26E01-B45C-41B7-8192-2AED77F73CF8}.Release|Any CPU.ActiveCfg = Release|Any CPU
		{8EB26E01-B45C-41B7-8192-2AED77F73CF8}.Release|Any CPU.Build.0 = Release|Any CPU
		{8FA89A7F-E750-4AB5-B3C3-F29211CF3EFD}.Debug|Any CPU.ActiveCfg = Debug|Any CPU
		{8FA89A7F-E750-4AB5-B3C3-F29211CF3EFD}.Debug|Any CPU.Build.0 = Debug|Any CPU
		{8FA89A7F-E750-4AB5-B3C3-F29211CF3EFD}.Release|Any CPU.ActiveCfg = Release|Any CPU
		{8FA89A7F-E750-4AB5-B3C3-F29211CF3EFD}.Release|Any CPU.Build.0 = Release|Any CPU
		{450781E3-8C4C-49D8-A756-105ED7082837}.Debug|Any CPU.ActiveCfg = Debug|Any CPU
		{450781E3-8C4C-49D8-A756-105ED7082837}.Debug|Any CPU.Build.0 = Debug|Any CPU
		{450781E3-8C4C-49D8-A756-105ED7082837}.Release|Any CPU.ActiveCfg = Release|Any CPU
		{450781E3-8C4C-49D8-A756-105ED7082837}.Release|Any CPU.Build.0 = Release|Any CPU
		{4115FC16-ECD3-4C51-B0D1-FB361A4E19AB}.Debug|Any CPU.ActiveCfg = Debug|Any CPU
		{4115FC16-ECD3-4C51-B0D1-FB361A4E19AB}.Debug|Any CPU.Build.0 = Debug|Any CPU
		{4115FC16-ECD3-4C51-B0D1-FB361A4E19AB}.Release|Any CPU.ActiveCfg = Release|Any CPU
		{4115FC16-ECD3-4C51-B0D1-FB361A4E19AB}.Release|Any CPU.Build.0 = Release|Any CPU
		{B818B874-7066-47E0-AC7F-7F392DE8F2EC}.Debug|Any CPU.ActiveCfg = Debug|Any CPU
		{B818B874-7066-47E0-AC7F-7F392DE8F2EC}.Debug|Any CPU.Build.0 = Debug|Any CPU
		{B818B874-7066-47E0-AC7F-7F392DE8F2EC}.Release|Any CPU.ActiveCfg = Release|Any CPU
		{B818B874-7066-47E0-AC7F-7F392DE8F2EC}.Release|Any CPU.Build.0 = Release|Any CPU
		{65225502-C4DF-4E2D-8F8A-8E370D868CDD}.Debug|Any CPU.ActiveCfg = Debug|Any CPU
		{65225502-C4DF-4E2D-8F8A-8E370D868CDD}.Debug|Any CPU.Build.0 = Debug|Any CPU
		{65225502-C4DF-4E2D-8F8A-8E370D868CDD}.Release|Any CPU.ActiveCfg = Release|Any CPU
		{65225502-C4DF-4E2D-8F8A-8E370D868CDD}.Release|Any CPU.Build.0 = Release|Any CPU
		{A55686B5-D6B9-4EB3-964C-FD28DD9DBB16}.Debug|Any CPU.ActiveCfg = Debug|Any CPU
		{A55686B5-D6B9-4EB3-964C-FD28DD9DBB16}.Debug|Any CPU.Build.0 = Debug|Any CPU
		{A55686B5-D6B9-4EB3-964C-FD28DD9DBB16}.Release|Any CPU.ActiveCfg = Release|Any CPU
		{A55686B5-D6B9-4EB3-964C-FD28DD9DBB16}.Release|Any CPU.Build.0 = Release|Any CPU
		{A6922F77-6732-4893-A989-D9821E652799}.Debug|Any CPU.ActiveCfg = Debug|Any CPU
		{A6922F77-6732-4893-A989-D9821E652799}.Debug|Any CPU.Build.0 = Debug|Any CPU
		{A6922F77-6732-4893-A989-D9821E652799}.Release|Any CPU.ActiveCfg = Release|Any CPU
		{A6922F77-6732-4893-A989-D9821E652799}.Release|Any CPU.Build.0 = Release|Any CPU
		{64CBA8F2-0AF0-4574-92D4-114FCF100E07}.Debug|Any CPU.ActiveCfg = Debug|Any CPU
		{64CBA8F2-0AF0-4574-92D4-114FCF100E07}.Debug|Any CPU.Build.0 = Debug|Any CPU
		{64CBA8F2-0AF0-4574-92D4-114FCF100E07}.Release|Any CPU.ActiveCfg = Release|Any CPU
		{64CBA8F2-0AF0-4574-92D4-114FCF100E07}.Release|Any CPU.Build.0 = Release|Any CPU
		{09D17344-9864-4007-A7E1-E3286B1B3BF9}.Debug|Any CPU.ActiveCfg = Debug|Any CPU
		{09D17344-9864-4007-A7E1-E3286B1B3BF9}.Debug|Any CPU.Build.0 = Debug|Any CPU
		{09D17344-9864-4007-A7E1-E3286B1B3BF9}.Release|Any CPU.ActiveCfg = Release|Any CPU
		{09D17344-9864-4007-A7E1-E3286B1B3BF9}.Release|Any CPU.Build.0 = Release|Any CPU
		{2DF59EA1-1FD6-4AB9-A8BB-A2C9284407DE}.Debug|Any CPU.ActiveCfg = Debug|Any CPU
		{2DF59EA1-1FD6-4AB9-A8BB-A2C9284407DE}.Debug|Any CPU.Build.0 = Debug|Any CPU
		{2DF59EA1-1FD6-4AB9-A8BB-A2C9284407DE}.Release|Any CPU.ActiveCfg = Release|Any CPU
		{2DF59EA1-1FD6-4AB9-A8BB-A2C9284407DE}.Release|Any CPU.Build.0 = Release|Any CPU
		{4E86B9E8-7109-4F9A-B536-DDF559C8DCF1}.Debug|Any CPU.ActiveCfg = Debug|Any CPU
		{4E86B9E8-7109-4F9A-B536-DDF559C8DCF1}.Debug|Any CPU.Build.0 = Debug|Any CPU
		{4E86B9E8-7109-4F9A-B536-DDF559C8DCF1}.Release|Any CPU.ActiveCfg = Release|Any CPU
		{4E86B9E8-7109-4F9A-B536-DDF559C8DCF1}.Release|Any CPU.Build.0 = Release|Any CPU
		{9BD14802-B18C-48A3-898E-194CF9AA2A94}.Debug|Any CPU.ActiveCfg = Debug|Any CPU
		{9BD14802-B18C-48A3-898E-194CF9AA2A94}.Debug|Any CPU.Build.0 = Debug|Any CPU
		{9BD14802-B18C-48A3-898E-194CF9AA2A94}.Release|Any CPU.ActiveCfg = Release|Any CPU
		{9BD14802-B18C-48A3-898E-194CF9AA2A94}.Release|Any CPU.Build.0 = Release|Any CPU
		{A032DC16-0086-4D88-8A72-268C6F5841FA}.Debug|Any CPU.ActiveCfg = Debug|Any CPU
		{A032DC16-0086-4D88-8A72-268C6F5841FA}.Debug|Any CPU.Build.0 = Debug|Any CPU
		{A032DC16-0086-4D88-8A72-268C6F5841FA}.Release|Any CPU.ActiveCfg = Release|Any CPU
		{A032DC16-0086-4D88-8A72-268C6F5841FA}.Release|Any CPU.Build.0 = Release|Any CPU
		{FE15EBD9-1263-45CB-B973-726D8B6B4234}.Debug|Any CPU.ActiveCfg = Debug|Any CPU
		{FE15EBD9-1263-45CB-B973-726D8B6B4234}.Debug|Any CPU.Build.0 = Debug|Any CPU
		{FE15EBD9-1263-45CB-B973-726D8B6B4234}.Release|Any CPU.ActiveCfg = Release|Any CPU
		{FE15EBD9-1263-45CB-B973-726D8B6B4234}.Release|Any CPU.Build.0 = Release|Any CPU
		{4C16462E-EA9E-4440-8650-92DA2533771C}.Debug|Any CPU.ActiveCfg = Debug|Any CPU
		{4C16462E-EA9E-4440-8650-92DA2533771C}.Debug|Any CPU.Build.0 = Debug|Any CPU
		{4C16462E-EA9E-4440-8650-92DA2533771C}.Release|Any CPU.ActiveCfg = Release|Any CPU
		{4C16462E-EA9E-4440-8650-92DA2533771C}.Release|Any CPU.Build.0 = Release|Any CPU
		{09BA13B9-7CC4-4A70-901C-F3759DC50C7A}.Debug|Any CPU.ActiveCfg = Debug|Any CPU
		{09BA13B9-7CC4-4A70-901C-F3759DC50C7A}.Debug|Any CPU.Build.0 = Debug|Any CPU
		{09BA13B9-7CC4-4A70-901C-F3759DC50C7A}.Release|Any CPU.ActiveCfg = Release|Any CPU
		{09BA13B9-7CC4-4A70-901C-F3759DC50C7A}.Release|Any CPU.Build.0 = Release|Any CPU
		{0E0B92FE-A74A-45B6-A9BB-26A5A744704E}.Debug|Any CPU.ActiveCfg = Debug|Any CPU
		{0E0B92FE-A74A-45B6-A9BB-26A5A744704E}.Debug|Any CPU.Build.0 = Debug|Any CPU
		{0E0B92FE-A74A-45B6-A9BB-26A5A744704E}.Release|Any CPU.ActiveCfg = Release|Any CPU
		{0E0B92FE-A74A-45B6-A9BB-26A5A744704E}.Release|Any CPU.Build.0 = Release|Any CPU
	EndGlobalSection
	GlobalSection(SolutionProperties) = preSolution
		HideSolutionNode = FALSE
	EndGlobalSection
	GlobalSection(NestedProjects) = preSolution
		{9281381F-96DE-4BA6-A224-E3CEE8E76443} = {2E1721C1-8831-4C4C-81E7-14681FD57986}
		{8C9A2BC7-8298-44C4-9552-8DBE56F5DE65} = {2E1721C1-8831-4C4C-81E7-14681FD57986}
		{7ACFE678-6F35-4FA1-9A67-7D7C87DDEA27} = {2E1721C1-8831-4C4C-81E7-14681FD57986}
		{5F508018-AE83-4A67-BEFD-611ACFFAAFEA} = {2E1721C1-8831-4C4C-81E7-14681FD57986}
		{8EB26E01-B45C-41B7-8192-2AED77F73CF8} = {2E1721C1-8831-4C4C-81E7-14681FD57986}
		{8FA89A7F-E750-4AB5-B3C3-F29211CF3EFD} = {2E1721C1-8831-4C4C-81E7-14681FD57986}
		{450781E3-8C4C-49D8-A756-105ED7082837} = {2E1721C1-8831-4C4C-81E7-14681FD57986}
		{4115FC16-ECD3-4C51-B0D1-FB361A4E19AB} = {2E1721C1-8831-4C4C-81E7-14681FD57986}
		{B818B874-7066-47E0-AC7F-7F392DE8F2EC} = {2E1721C1-8831-4C4C-81E7-14681FD57986}
		{65225502-C4DF-4E2D-8F8A-8E370D868CDD} = {2E1721C1-8831-4C4C-81E7-14681FD57986}
		{A55686B5-D6B9-4EB3-964C-FD28DD9DBB16} = {D5E6D463-B3E4-4546-AC1D-1BDBF00BC478}
		{A6922F77-6732-4893-A989-D9821E652799} = {D5E6D463-B3E4-4546-AC1D-1BDBF00BC478}
		{64CBA8F2-0AF0-4574-92D4-114FCF100E07} = {D5E6D463-B3E4-4546-AC1D-1BDBF00BC478}
		{09D17344-9864-4007-A7E1-E3286B1B3BF9} = {D9346D2B-A3FE-47A4-9991-0BE63CC4823C}
		{2DF59EA1-1FD6-4AB9-A8BB-A2C9284407DE} = {D5E6D463-B3E4-4546-AC1D-1BDBF00BC478}
		{4E86B9E8-7109-4F9A-B536-DDF559C8DCF1} = {D5E6D463-B3E4-4546-AC1D-1BDBF00BC478}
		{9BD14802-B18C-48A3-898E-194CF9AA2A94} = {D5E6D463-B3E4-4546-AC1D-1BDBF00BC478}
		{A032DC16-0086-4D88-8A72-268C6F5841FA} = {D5E6D463-B3E4-4546-AC1D-1BDBF00BC478}
		{FE15EBD9-1263-45CB-B973-726D8B6B4234} = {D9346D2B-A3FE-47A4-9991-0BE63CC4823C}
		{4C16462E-EA9E-4440-8650-92DA2533771C} = {D9346D2B-A3FE-47A4-9991-0BE63CC4823C}
		{09BA13B9-7CC4-4A70-901C-F3759DC50C7A} = {D9346D2B-A3FE-47A4-9991-0BE63CC4823C}
		{0E0B92FE-A74A-45B6-A9BB-26A5A744704E} = {D9346D2B-A3FE-47A4-9991-0BE63CC4823C}
	EndGlobalSection
	GlobalSection(ExtensibilityGlobals) = postSolution
		SolutionGuid = {2E7B54E1-36BB-4471-A750-BF192187E469}
	EndGlobalSection
EndGlobal
